// !$*UTF8*$!
{
	archiveVersion = 1;
	classes = {
	};
	objectVersion = 50;
	objects = {

/* Begin PBXBuildFile section */
		00B549A32572B9BA008A8026 /* AppDelegate.swift in Sources */ = {isa = PBXBuildFile; fileRef = 00B549A22572B9BA008A8026 /* AppDelegate.swift */; };
		00B549A52572B9BA008A8026 /* SceneDelegate.swift in Sources */ = {isa = PBXBuildFile; fileRef = 00B549A42572B9BA008A8026 /* SceneDelegate.swift */; };
		00B549A72572B9BA008A8026 /* ViewController.swift in Sources */ = {isa = PBXBuildFile; fileRef = 00B549A62572B9BA008A8026 /* ViewController.swift */; };
		00B549AA2572B9BA008A8026 /* Main.storyboard in Resources */ = {isa = PBXBuildFile; fileRef = 00B549A82572B9BA008A8026 /* Main.storyboard */; };
		00B549AC2572B9BC008A8026 /* Assets.xcassets in Resources */ = {isa = PBXBuildFile; fileRef = 00B549AB2572B9BC008A8026 /* Assets.xcassets */; };
		00B549AF2572B9BC008A8026 /* LaunchScreen.storyboard in Resources */ = {isa = PBXBuildFile; fileRef = 00B549AD2572B9BC008A8026 /* LaunchScreen.storyboard */; };
		00B549B82572BA44008A8026 /* Config.swift in Sources */ = {isa = PBXBuildFile; fileRef = 00B549B72572BA44008A8026 /* Config.swift */; };
/* End PBXBuildFile section */

/* Begin PBXFileReference section */
		00B5499F2572B9BA008A8026 /* AAWeatherApp.app */ = {isa = PBXFileReference; explicitFileType = wrapper.application; includeInIndex = 0; path = AAWeatherApp.app; sourceTree = BUILT_PRODUCTS_DIR; };
		00B549A22572B9BA008A8026 /* AppDelegate.swift */ = {isa = PBXFileReference; lastKnownFileType = sourcecode.swift; path = AppDelegate.swift; sourceTree = "<group>"; };
		00B549A42572B9BA008A8026 /* SceneDelegate.swift */ = {isa = PBXFileReference; lastKnownFileType = sourcecode.swift; path = SceneDelegate.swift; sourceTree = "<group>"; };
		00B549A62572B9BA008A8026 /* ViewController.swift */ = {isa = PBXFileReference; lastKnownFileType = sourcecode.swift; path = ViewController.swift; sourceTree = "<group>"; };
		00B549A92572B9BA008A8026 /* Base */ = {isa = PBXFileReference; lastKnownFileType = file.storyboard; name = Base; path = Base.lproj/Main.storyboard; sourceTree = "<group>"; };
		00B549AB2572B9BC008A8026 /* Assets.xcassets */ = {isa = PBXFileReference; lastKnownFileType = folder.assetcatalog; path = Assets.xcassets; sourceTree = "<group>"; };
		00B549AE2572B9BC008A8026 /* Base */ = {isa = PBXFileReference; lastKnownFileType = file.storyboard; name = Base; path = Base.lproj/LaunchScreen.storyboard; sourceTree = "<group>"; };
		00B549B02572B9BC008A8026 /* Info.plist */ = {isa = PBXFileReference; lastKnownFileType = text.plist.xml; path = Info.plist; sourceTree = "<group>"; };
		00B549B72572BA44008A8026 /* Config.swift */ = {isa = PBXFileReference; lastKnownFileType = sourcecode.swift; path = Config.swift; sourceTree = "<group>"; };
/* End PBXFileReference section */

/* Begin PBXFrameworksBuildPhase section */
		00B5499C2572B9BA008A8026 /* Frameworks */ = {
			isa = PBXFrameworksBuildPhase;
			buildActionMask = 2147483647;
			files = (
			);
			runOnlyForDeploymentPostprocessing = 0;
		};
/* End PBXFrameworksBuildPhase section */

/* Begin PBXGroup section */
		00B549962572B9BA008A8026 = {
			isa = PBXGroup;
			children = (
				00B549A12572B9BA008A8026 /* AAWeatherApp */,
				00B549A02572B9BA008A8026 /* Products */,
			);
			sourceTree = "<group>";
		};
		00B549A02572B9BA008A8026 /* Products */ = {
			isa = PBXGroup;
			children = (
				00B5499F2572B9BA008A8026 /* AAWeatherApp.app */,
			);
			name = Products;
			sourceTree = "<group>";
		};
		00B549A12572B9BA008A8026 /* AAWeatherApp */ = {
			isa = PBXGroup;
			children = (
				00B549A22572B9BA008A8026 /* AppDelegate.swift */,
				00B549A42572B9BA008A8026 /* SceneDelegate.swift */,
				00B549A62572B9BA008A8026 /* ViewController.swift */,
				00B549B72572BA44008A8026 /* Config.swift */,
				00B549A82572B9BA008A8026 /* Main.storyboard */,
				00B549AB2572B9BC008A8026 /* Assets.xcassets */,
				00B549AD2572B9BC008A8026 /* LaunchScreen.storyboard */,
				00B549B02572B9BC008A8026 /* Info.plist */,
			);
			path = AAWeatherApp;
			sourceTree = "<group>";
		};
/* End PBXGroup section */

/* Begin PBXNativeTarget section */
		00B5499E2572B9BA008A8026 /* AAWeatherApp */ = {
			isa = PBXNativeTarget;
			buildConfigurationList = 00B549B32572B9BC008A8026 /* Build configuration list for PBXNativeTarget "AAWeatherApp" */;
			buildPhases = (
				00B5499B2572B9BA008A8026 /* Sources */,
				00B5499C2572B9BA008A8026 /* Frameworks */,
				00B5499D2572B9BA008A8026 /* Resources */,
			);
			buildRules = (
			);
			dependencies = (
			);
			name = AAWeatherApp;
			productName = AAWeatherApp;
			productReference = 00B5499F2572B9BA008A8026 /* AAWeatherApp.app */;
			productType = "com.apple.product-type.application";
		};
/* End PBXNativeTarget section */

/* Begin PBXProject section */
		00B549972572B9BA008A8026 /* Project object */ = {
			isa = PBXProject;
			attributes = {
				LastSwiftUpdateCheck = 1220;
				LastUpgradeCheck = 1220;
				TargetAttributes = {
					00B5499E2572B9BA008A8026 = {
						CreatedOnToolsVersion = 12.2;
					};
				};
			};
			buildConfigurationList = 00B5499A2572B9BA008A8026 /* Build configuration list for PBXProject "AAWeatherApp" */;
			compatibilityVersion = "Xcode 9.3";
			developmentRegion = en;
			hasScannedForEncodings = 0;
			knownRegions = (
				en,
				Base,
			);
			mainGroup = 00B549962572B9BA008A8026;
			productRefGroup = 00B549A02572B9BA008A8026 /* Products */;
			projectDirPath = "";
			projectRoot = "";
			targets = (
				00B5499E2572B9BA008A8026 /* AAWeatherApp */,
			);
		};
/* End PBXProject section */

/* Begin PBXResourcesBuildPhase section */
		00B5499D2572B9BA008A8026 /* Resources */ = {
			isa = PBXResourcesBuildPhase;
			buildActionMask = 2147483647;
			files = (
				00B549AF2572B9BC008A8026 /* LaunchScreen.storyboard in Resources */,
				00B549AC2572B9BC008A8026 /* Assets.xcassets in Resources */,
				00B549AA2572B9BA008A8026 /* Main.storyboard in Resources */,
			);
			runOnlyForDeploymentPostprocessing = 0;
		};
/* End PBXResourcesBuildPhase section */

/* Begin PBXSourcesBuildPhase section */
		00B5499B2572B9BA008A8026 /* Sources */ = {
			isa = PBXSourcesBuildPhase;
			buildActionMask = 2147483647;
			files = (
				00B549A72572B9BA008A8026 /* ViewController.swift in Sources */,
				00B549B82572BA44008A8026 /* Config.swift in Sources */,
				00B549A32572B9BA008A8026 /* AppDelegate.swift in Sources */,
				00B549A52572B9BA008A8026 /* SceneDelegate.swift in Sources */,
			);
			runOnlyForDeploymentPostprocessing = 0;
		};
/* End PBXSourcesBuildPhase section */

/* Begin PBXVariantGroup section */
		00B549A82572B9BA008A8026 /* Main.storyboard */ = {
			isa = PBXVariantGroup;
			children = (
				00B549A92572B9BA008A8026 /* Base */,
			);
			name = Main.storyboard;
			sourceTree = "<group>";
		};
		00B549AD2572B9BC008A8026 /* LaunchScreen.storyboard */ = {
			isa = PBXVariantGroup;
			children = (
				00B549AE2572B9BC008A8026 /* Base */,
			);
			name = LaunchScreen.storyboard;
			sourceTree = "<group>";
		};
/* End PBXVariantGroup section */

/* Begin XCBuildConfiguration section */
		00B549B12572B9BC008A8026 /* Debug */ = {
			isa = XCBuildConfiguration;
			buildSettings = {
				ALWAYS_SEARCH_USER_PATHS = NO;
				CLANG_ANALYZER_NONNULL = YES;
				CLANG_ANALYZER_NUMBER_OBJECT_CONVERSION = YES_AGGRESSIVE;
				CLANG_CXX_LANGUAGE_STANDARD = "gnu++14";
				CLANG_CXX_LIBRARY = "libc++";
				CLANG_ENABLE_MODULES = YES;
				CLANG_ENABLE_OBJC_ARC = YES;
				CLANG_ENABLE_OBJC_WEAK = YES;
				CLANG_WARN_BLOCK_CAPTURE_AUTORELEASING = YES;
				CLANG_WARN_BOOL_CONVERSION = YES;
				CLANG_WARN_COMMA = YES;
				CLANG_WARN_CONSTANT_CONVERSION = YES;
				CLANG_WARN_DEPRECATED_OBJC_IMPLEMENTATIONS = YES;
				CLANG_WARN_DIRECT_OBJC_ISA_USAGE = YES_ERROR;
				CLANG_WARN_DOCUMENTATION_COMMENTS = YES;
				CLANG_WARN_EMPTY_BODY = YES;
				CLANG_WARN_ENUM_CONVERSION = YES;
				CLANG_WARN_INFINITE_RECURSION = YES;
				CLANG_WARN_INT_CONVERSION = YES;
				CLANG_WARN_NON_LITERAL_NULL_CONVERSION = YES;
				CLANG_WARN_OBJC_IMPLICIT_RETAIN_SELF = YES;
				CLANG_WARN_OBJC_LITERAL_CONVERSION = YES;
				CLANG_WARN_OBJC_ROOT_CLASS = YES_ERROR;
				CLANG_WARN_QUOTED_INCLUDE_IN_FRAMEWORK_HEADER = YES;
				CLANG_WARN_RANGE_LOOP_ANALYSIS = YES;
				CLANG_WARN_STRICT_PROTOTYPES = YES;
				CLANG_WARN_SUSPICIOUS_MOVE = YES;
				CLANG_WARN_UNGUARDED_AVAILABILITY = YES_AGGRESSIVE;
				CLANG_WARN_UNREACHABLE_CODE = YES;
				CLANG_WARN__DUPLICATE_METHOD_MATCH = YES;
				COPY_PHASE_STRIP = NO;
				DEBUG_INFORMATION_FORMAT = dwarf;
				ENABLE_STRICT_OBJC_MSGSEND = YES;
				ENABLE_TESTABILITY = YES;
				GCC_C_LANGUAGE_STANDARD = gnu11;
				GCC_DYNAMIC_NO_PIC = NO;
				GCC_NO_COMMON_BLOCKS = YES;
				GCC_OPTIMIZATION_LEVEL = 0;
				GCC_PREPROCESSOR_DEFINITIONS = (
					"DEBUG=1",
					"$(inherited)",
				);
				GCC_WARN_64_TO_32_BIT_CONVERSION = YES;
				GCC_WARN_ABOUT_RETURN_TYPE = YES_ERROR;
				GCC_WARN_UNDECLARED_SELECTOR = YES;
				GCC_WARN_UNINITIALIZED_AUTOS = YES_AGGRESSIVE;
				GCC_WARN_UNUSED_FUNCTION = YES;
				GCC_WARN_UNUSED_VARIABLE = YES;
				IPHONEOS_DEPLOYMENT_TARGET = 14.2;
				MTL_ENABLE_DEBUG_INFO = INCLUDE_SOURCE;
				MTL_FAST_MATH = YES;
				ONLY_ACTIVE_ARCH = YES;
				SDKROOT = iphoneos;
				SWIFT_ACTIVE_COMPILATION_CONDITIONS = DEBUG;
				SWIFT_OPTIMIZATION_LEVEL = "-Onone";
			};
			name = Debug;
		};
		00B549B22572B9BC008A8026 /* Release */ = {
			isa = XCBuildConfiguration;
			buildSettings = {
				ALWAYS_SEARCH_USER_PATHS = NO;
				CLANG_ANALYZER_NONNULL = YES;
				CLANG_ANALYZER_NUMBER_OBJECT_CONVERSION = YES_AGGRESSIVE;
				CLANG_CXX_LANGUAGE_STANDARD = "gnu++14";
				CLANG_CXX_LIBRARY = "libc++";
				CLANG_ENABLE_MODULES = YES;
				CLANG_ENABLE_OBJC_ARC = YES;
				CLANG_ENABLE_OBJC_WEAK = YES;
				CLANG_WARN_BLOCK_CAPTURE_AUTORELEASING = YES;
				CLANG_WARN_BOOL_CONVERSION = YES;
				CLANG_WARN_COMMA = YES;
				CLANG_WARN_CONSTANT_CONVERSION = YES;
				CLANG_WARN_DEPRECATED_OBJC_IMPLEMENTATIONS = YES;
				CLANG_WARN_DIRECT_OBJC_ISA_USAGE = YES_ERROR;
				CLANG_WARN_DOCUMENTATION_COMMENTS = YES;
				CLANG_WARN_EMPTY_BODY = YES;
				CLANG_WARN_ENUM_CONVERSION = YES;
				CLANG_WARN_INFINITE_RECURSION = YES;
				CLANG_WARN_INT_CONVERSION = YES;
				CLANG_WARN_NON_LITERAL_NULL_CONVERSION = YES;
				CLANG_WARN_OBJC_IMPLICIT_RETAIN_SELF = YES;
				CLANG_WARN_OBJC_LITERAL_CONVERSION = YES;
				CLANG_WARN_OBJC_ROOT_CLASS = YES_ERROR;
				CLANG_WARN_QUOTED_INCLUDE_IN_FRAMEWORK_HEADER = YES;
				CLANG_WARN_RANGE_LOOP_ANALYSIS = YES;
				CLANG_WARN_STRICT_PROTOTYPES = YES;
				CLANG_WARN_SUSPICIOUS_MOVE = YES;
				CLANG_WARN_UNGUARDED_AVAILABILITY = YES_AGGRESSIVE;
				CLANG_WARN_UNREACHABLE_CODE = YES;
				CLANG_WARN__DUPLICATE_METHOD_MATCH = YES;
				COPY_PHASE_STRIP = NO;
				DEBUG_INFORMATION_FORMAT = "dwarf-with-dsym";
				ENABLE_NS_ASSERTIONS = NO;
				ENABLE_STRICT_OBJC_MSGSEND = YES;
				GCC_C_LANGUAGE_STANDARD = gnu11;
				GCC_NO_COMMON_BLOCKS = YES;
				GCC_WARN_64_TO_32_BIT_CONVERSION = YES;
				GCC_WARN_ABOUT_RETURN_TYPE = YES_ERROR;
				GCC_WARN_UNDECLARED_SELECTOR = YES;
				GCC_WARN_UNINITIALIZED_AUTOS = YES_AGGRESSIVE;
				GCC_WARN_UNUSED_FUNCTION = YES;
				GCC_WARN_UNUSED_VARIABLE = YES;
				IPHONEOS_DEPLOYMENT_TARGET = 14.2;
				MTL_ENABLE_DEBUG_INFO = NO;
				MTL_FAST_MATH = YES;
				SDKROOT = iphoneos;
				SWIFT_COMPILATION_MODE = wholemodule;
				SWIFT_OPTIMIZATION_LEVEL = "-O";
				VALIDATE_PRODUCT = YES;
			};
			name = Release;
		};
		00B549B42572B9BC008A8026 /* Debug */ = {
			isa = XCBuildConfiguration;
			buildSettings = {
				ASSETCATALOG_COMPILER_APPICON_NAME = AppIcon;
				ASSETCATALOG_COMPILER_GLOBAL_ACCENT_COLOR_NAME = AccentColor;
				CODE_SIGN_STYLE = Automatic;
				DEVELOPMENT_TEAM = 9N5EX22VUM;
				INFOPLIST_FILE = AAWeatherApp/Info.plist;
				LD_RUNPATH_SEARCH_PATHS = (
					"$(inherited)",
					"@executable_path/Frameworks",
				);
				PRODUCT_BUNDLE_IDENTIFIER = com.scube.AAWeatherApp;
				PRODUCT_NAME = "$(TARGET_NAME)";
				SWIFT_VERSION = 5.0;
				TARGETED_DEVICE_FAMILY = "1,2";
			};
			name = Debug;
		};
		00B549B52572B9BC008A8026 /* Release */ = {
			isa = XCBuildConfiguration;
			buildSettings = {
				ASSETCATALOG_COMPILER_APPICON_NAME = AppIcon;
				ASSETCATALOG_COMPILER_GLOBAL_ACCENT_COLOR_NAME = AccentColor;
				CODE_SIGN_STYLE = Automatic;
				DEVELOPMENT_TEAM = 9N5EX22VUM;
				INFOPLIST_FILE = AAWeatherApp/Info.plist;
				LD_RUNPATH_SEARCH_PATHS = (
					"$(inherited)",
					"@executable_path/Frameworks",
				);
				PRODUCT_BUNDLE_IDENTIFIER = com.scube.AAWeatherApp;
				PRODUCT_NAME = "$(TARGET_NAME)";
				SWIFT_VERSION = 5.0;
				TARGETED_DEVICE_FAMILY = "1,2";
			};
			name = Release;
		};
/* End XCBuildConfiguration section */

/* Begin XCConfigurationList section */
		00B5499A2572B9BA008A8026 /* Build configuration list for PBXProject "AAWeatherApp" */ = {
			isa = XCConfigurationList;
			buildConfigurations = (
				00B549B12572B9BC008A8026 /* Debug */,
				00B549B22572B9BC008A8026 /* Release */,
			);
			defaultConfigurationIsVisible = 0;
			defaultConfigurationName = Release;
		};
		00B549B32572B9BC008A8026 /* Build configuration list for PBXNativeTarget "AAWeatherApp" */ = {
			isa = XCConfigurationList;
			buildConfigurations = (
				00B549B42572B9BC008A8026 /* Debug */,
				00B549B52572B9BC008A8026 /* Release */,
			);
			defaultConfigurationIsVisible = 0;
			defaultConfigurationName = Release;
		};
/* End XCConfigurationList section */
	};
	rootObject = 00B549972572B9BA008A8026 /* Project object */;
}
